
Microsoft Visual Studio Solution File, Format Version 11.00
# Visual Studio 2010
Project("{2150E333-8FDC-42A3-9474-1A3956D46DE8}") = "Web Services", "Web Services", "{4B9DF48B-399A-4A25-A9E9-81914F3309C3}"
EndProject
Project("{2150E333-8FDC-42A3-9474-1A3956D46DE8}") = "Windows Forms", "Windows Forms", "{3D065C51-46D6-462C-B18A-B40D19CF704D}"
EndProject
Project("{2150E333-8FDC-42A3-9474-1A3956D46DE8}") = "Shared", "Shared", "{F2D199CD-EB4D-4875-A882-E7420AFB878C}"
EndProject
Project("{FAE04EC0-301F-11D3-BF4B-00C04F79EFBC}") = "CDWKS.CMS.Indexer.2011", "CDWKS.CMS.Indexer2010\CDWKS.CMS.Indexer.2011.csproj", "{089FA4C5-AADC-4C28-B885-84C36C0D6C84}"
EndProject
Project("{FAE04EC0-301F-11D3-BF4B-00C04F79EFBC}") = "CDWKS.BXC.AdminControl.2011", "CDWKS.BXC.AdminControl2010\CDWKS.BXC.AdminControl.2011.csproj", "{2DE9A142-BE22-4EF7-B8C6-8B4B1E721452}"
	ProjectSection(ProjectDependencies) = postProject
		{70796A1A-1774-4201-B88D-04F305563581} = {70796A1A-1774-4201-B88D-04F305563581}
	EndProjectSection
EndProject
Project("{FAE04EC0-301F-11D3-BF4B-00C04F79EFBC}") = "CDWKS.CMS.Web", "CDWKS.CMS.Web\CDWKS.CMS.Web.csproj", "{719BCFBC-6F29-41C0-8943-FAB7F7AE6E02}"
EndProject
Project("{FAE04EC0-301F-11D3-BF4B-00C04F79EFBC}") = "CDWKS.BXC.WCF.Services", "CDWKS.BXC.WCF.Services\CDWKS.BXC.WCF.Services.csproj", "{D3D7EE9E-1E27-4F06-9276-65F25DE3B6FD}"
EndProject
Project("{FAE04EC0-301F-11D3-BF4B-00C04F79EFBC}") = "CDWKS.BXC.UserControl.2011", "CDWKS.BXC.UserControl\CDWKS.BXC.UserControl.2011.csproj", "{2F0DBD8B-8EA2-4D12-8C0A-211295B0B5CC}"
EndProject
Project("{FAE04EC0-301F-11D3-BF4B-00C04F79EFBC}") = "CDWKS.BXC.AddInManifest", "CDWKS.BXC.AddInManifest\CDWKS.BXC.AddInManifest.csproj", "{AFB64E23-2035-4CF7-A677-B626E1332534}"
EndProject
Project("{FAE04EC0-301F-11D3-BF4B-00C04F79EFBC}") = "CDWKS.BXC.UserControl.2012", "CDWKS.BXC.UserControl.2012\CDWKS.BXC.UserControl.2012.csproj", "{9308973D-8EFA-4B8E-B7A9-51992405D6A7}"
EndProject
Project("{FAE04EC0-301F-11D3-BF4B-00C04F79EFBC}") = "CDWKS.BXC.Installer.2012", "CDWKS.BXC.Installer.2012\CDWKS.BXC.Installer.2012.csproj", "{C06F9FBC-B1B7-4F65-870B-E30C5C58F140}"
EndProject
Project("{FAE04EC0-301F-11D3-BF4B-00C04F79EFBC}") = "CDWKS.BXC.URLService", "CDWKS.BXC.URLService\CDWKS.BXC.URLService.csproj", "{85AE41DB-0039-4575-9D33-856EEB4D369C}"
EndProject
Project("{FAE04EC0-301F-11D3-BF4B-00C04F79EFBC}") = "CDWKS.BXC.Taco.Web", "CDWKS.BXC.Taco.Web\CDWKS.BXC.Taco.Web.csproj", "{FEB6F66C-1CF1-4817-A42C-E1AD0A8C5D6D}"
EndProject
Project("{FAE04EC0-301F-11D3-BF4B-00C04F79EFBC}") = "CDWKS.Shared.ThirdParty", "CDWKS.Shared.ThirdParty\CDWKS.Shared.ThirdParty.csproj", "{3DFD5F0B-4D1D-4146-90E3-CADF619F5A3E}"
EndProject
Project("{2150E333-8FDC-42A3-9474-1A3956D46DE8}") = "Installers", "Installers", "{34DF3E5C-D996-43B0-B998-4AA219156371}"
EndProject
Project("{2150E333-8FDC-42A3-9474-1A3956D46DE8}") = "Utilities", "Utilities", "{E2F78AB8-1727-4ADF-8F9D-6D3BECE2A6BB}"
EndProject
Project("{2150E333-8FDC-42A3-9474-1A3956D46DE8}") = "Web", "Web", "{948EB091-7782-49BA-B537-AEF3F6EDAC14}"
EndProject
Project("{FAE04EC0-301F-11D3-BF4B-00C04F79EFBC}") = "CDWKS.BXC.Installer2011", "CDWKS.BXC.Installer2011\CDWKS.BXC.Installer2011.csproj", "{F8795B2D-DF7A-4095-88B9-7A894FFD508A}"
EndProject
Project("{2150E333-8FDC-42A3-9474-1A3956D46DE8}") = "Managers", "Managers", "{C6167707-D148-46AD-B8B2-E9CB1FA5B082}"
EndProject
Project("{FAE04EC0-301F-11D3-BF4B-00C04F79EFBC}") = "CDWKS.BXC.AutodeskFileManager", "CDWKS.BXC.AutodeskFileManager\CDWKS.BXC.AutodeskFileManager.csproj", "{49144A43-19E2-4DFE-BE31-5D3BED80064A}"
EndProject
Project("{FAE04EC0-301F-11D3-BF4B-00C04F79EFBC}") = "CDWKS.Shared.ObjectFactory", "CDWKS.Shared.ObjectFactory\CDWKS.Shared.ObjectFactory.csproj", "{DC13A374-5C96-4F36-915B-776380B75313}"
EndProject
Project("{2150E333-8FDC-42A3-9474-1A3956D46DE8}") = "Domains", "Domains", "{06603D3F-0347-476D-85AE-CF532EC29EBC}"
EndProject
Project("{FAE04EC0-301F-11D3-BF4B-00C04F79EFBC}") = "CDWKS.BXC.AutodeskFileService", "CDWKS.BXC.AutodeskFileService\CDWKS.BXC.AutodeskFileService.csproj", "{70796A1A-1774-4201-B88D-04F305563581}"
EndProject
Project("{FAE04EC0-301F-11D3-BF4B-00C04F79EFBC}") = "CDWKS.BXC.Domain.Content", "CDWKS.BXC.Domain.Content\CDWKS.BXC.Domain.Content.csproj", "{386444F8-A1B2-4EFC-83BC-B4316BE870F0}"
EndProject
Project("{FAE04EC0-301F-11D3-BF4B-00C04F79EFBC}") = "CDWKS.BXC.Domain.MasterControl", "CDWKS.BXC.Domain.MasterControl\CDWKS.BXC.Domain.MasterControl.csproj", "{5C1AEC8D-1AAA-4587-8AE0-9CD6A179DFAB}"
EndProject
Project("{2150E333-8FDC-42A3-9474-1A3956D46DE8}") = "Poco Entities", "Poco Entities", "{F70A81B4-2155-4AA6-81E5-D888C9B4E9EA}"
EndProject
Project("{FAE04EC0-301F-11D3-BF4B-00C04F79EFBC}") = "CDWKS.BXC.Entities.Poco.Content", "CDWKS.BXC.Entities.Poco.Content\CDWKS.BXC.Entities.Poco.Content.csproj", "{B212B384-F6EF-4E98-B3C8-D58A7D2A520A}"
EndProject
Project("{2150E333-8FDC-42A3-9474-1A3956D46DE8}") = "RevitIndexers", "RevitIndexers", "{663C3204-2CD9-4527-BF24-F5EAFBC5364A}"
EndProject
Project("{FAE04EC0-301F-11D3-BF4B-00C04F79EFBC}") = "CDWKS.BXC.Indexer.Revit2011", "CDWKS.BXC.Repository.Revit2011\CDWKS.BXC.Indexer.Revit2011.csproj", "{F970D2C0-CF35-443E-8896-ABE26A67F301}"
EndProject
Project("{FAE04EC0-301F-11D3-BF4B-00C04F79EFBC}") = "CDWKS.BXC.Indexer2011", "CDWKS.BXC.Indexer2011\CDWKS.BXC.Indexer2011.csproj", "{67209D39-7A52-4BEA-BEB2-51D5EE9B0C37}"
	ProjectSection(ProjectDependencies) = postProject
		{70796A1A-1774-4201-B88D-04F305563581} = {70796A1A-1774-4201-B88D-04F305563581}
	EndProjectSection
EndProject
Project("{FAE04EC0-301F-11D3-BF4B-00C04F79EFBC}") = "CDWKS.BXC.Entities.FileQueue", "CDWKS.BXC.Entities.FileQueue\CDWKS.BXC.Entities.FileQueue.csproj", "{5558FD74-3768-45BF-96D2-15FA81720C64}"
EndProject
Project("{FAE04EC0-301F-11D3-BF4B-00C04F79EFBC}") = "WindowsFormsApplication1", "WindowsFormsApplication1\WindowsFormsApplication1.csproj", "{7E939379-7A27-4B66-856E-786264D3260D}"
EndProject
Project("{FAE04EC0-301F-11D3-BF4B-00C04F79EFBC}") = "CDWKS.BXC.ProgressMonitor", "CDWKS.BXC.ProgressMonitor\CDWKS.BXC.ProgressMonitor.csproj", "{18C84C8B-3D74-4B65-917E-E275E4029D62}"
EndProject
Project("{FAE04EC0-301F-11D3-BF4B-00C04F79EFBC}") = "CDWKS.BXC.Taco.Revit2011", "CDWKS.BXC.Taco.Revit\CDWKS.BXC.Taco.Revit2011.csproj", "{31A5FE35-C04E-4A98-84FC-F3D2A38E2FF4}"
EndProject
Project("{FAE04EC0-301F-11D3-BF4B-00C04F79EFBC}") = "CDWKS.BXC.Taco.Installer.Revit2011", "CDWKS.BXC.Taco.Installer.Revit2011\CDWKS.BXC.Taco.Installer.Revit2011.csproj", "{C7E1836A-B6A4-4FC0-BED1-DE4EEA609EA4}"
EndProject
Project("{FAE04EC0-301F-11D3-BF4B-00C04F79EFBC}") = "CDWKS.BXC.Taco.Revit2012", "CDWKS.BXC.Taco.Revit2012\CDWKS.BXC.Taco.Revit2012.csproj", "{259B7F58-FED1-4A1A-8990-98A5160C724B}"
EndProject
Project("{FAE04EC0-301F-11D3-BF4B-00C04F79EFBC}") = "CDWKS.BXC.Taco.Installer.Revit2012", "CDWKS.BXC.Taco.Installer.Revit2012\CDWKS.BXC.Taco.Installer.Revit2012.csproj", "{4C452B86-B02C-4B80-A6CF-CABAF7C3F33B}"
EndProject
Project("{FAE04EC0-301F-11D3-BF4B-00C04F79EFBC}") = "CDWKS.Social.Taco.Web", "CDWKS.Social.Taco\CDWKS.Social.Taco.Web\CDWKS.Social.Taco.Web.csproj", "{17ECCEBE-B77A-4857-84E3-16297AE3CC81}"
EndProject
Project("{FAE04EC0-301F-11D3-BF4B-00C04F79EFBC}") = "CDWKS.BXC.UserControl.2013", "CDWKS.BXC.UserControl.2013\CDWKS.BXC.UserControl.2013.csproj", "{A0FEDC48-7A25-46C6-BAA0-AFA2A8EDF512}"
EndProject
Project("{FAE04EC0-301F-11D3-BF4B-00C04F79EFBC}") = "CDWKS.BXC.Installer.2013", "CDWKS.BXC.Installer.2013\CDWKS.BXC.Installer.2013.csproj", "{96DD8F37-F3CE-4041-9058-366ED6912DFD}"
EndProject
Global
	GlobalSection(TeamFoundationVersionControl) = preSolution
		SccNumberOfProjects = 22
		SccEnterpriseProvider = {4CA58AB2-18FA-4F8D-95D4-32DDF27D184C}
		SccTeamFoundationServer = https://tfs03.discountasp.net/tfs/karrbros
		SccLocalPath0 = .
		SccProjectUniqueName1 = CDWKS.BXC.AddInManifest\\CDWKS.BXC.AddInManifest.csproj
		SccProjectTopLevelParentUniqueName1 = CDWKS.BXC.sln
		SccProjectName1 = CDWKS.BXC.AddInManifest
		SccLocalPath1 = CDWKS.BXC.AddInManifest
		SccProjectUniqueName2 = CDWKS.BXC.AdminControl2010\\CDWKS.BXC.AdminControl.2011.csproj
		SccProjectTopLevelParentUniqueName2 = CDWKS.BXC.sln
		SccProjectName2 = CDWKS.BXC.AdminControl2010
		SccLocalPath2 = CDWKS.BXC.AdminControl2010
		SccProjectUniqueName3 = CDWKS.BXC.Installer.2012\\CDWKS.BXC.Installer.2012.csproj
		SccProjectTopLevelParentUniqueName3 = CDWKS.BXC.sln
		SccProjectName3 = CDWKS.BXC.Installer.2012
		SccLocalPath3 = CDWKS.BXC.Installer.2012
		SccProjectUniqueName4 = CDWKS.BXC.URLService\\CDWKS.BXC.URLService.csproj
		SccProjectTopLevelParentUniqueName4 = CDWKS.BXC.sln
		SccProjectName4 = CDWKS.BXC.URLService
		SccLocalPath4 = CDWKS.BXC.URLService
		SccProjectUniqueName5 = CDWKS.BXC.UserControl.2012\\CDWKS.BXC.UserControl.2012.csproj
		SccProjectTopLevelParentUniqueName5 = CDWKS.BXC.sln
		SccProjectName5 = CDWKS.BXC.UserControl.2012
		SccLocalPath5 = CDWKS.BXC.UserControl.2012
		SccProjectUniqueName6 = CDWKS.BXC.UserControl\\CDWKS.BXC.UserControl.2011.csproj
		SccProjectTopLevelParentUniqueName6 = CDWKS.BXC.sln
		SccProjectName6 = CDWKS.BXC.UserControl
		SccLocalPath6 = CDWKS.BXC.UserControl
		SccProjectUniqueName7 = CDWKS.BXC.WCF.Services\\CDWKS.BXC.WCF.Services.csproj
		SccProjectTopLevelParentUniqueName7 = CDWKS.BXC.sln
		SccProjectName7 = CDWKS.BXC.WCF.Services
		SccLocalPath7 = CDWKS.BXC.WCF.Services
		SccProjectUniqueName8 = CDWKS.CMS.Indexer2010\\CDWKS.CMS.Indexer.2011.csproj
		SccProjectTopLevelParentUniqueName8 = CDWKS.BXC.sln
		SccProjectName8 = CDWKS.CMS.Indexer2010
		SccLocalPath8 = CDWKS.CMS.Indexer2010
		SccProjectUniqueName9 = CDWKS.CMS.Web\\CDWKS.CMS.Web.csproj
		SccProjectTopLevelParentUniqueName9 = CDWKS.BXC.sln
		SccProjectName9 = CDWKS.CMS.Web
		SccLocalPath9 = CDWKS.CMS.Web
		SccProjectUniqueName10 = CDWKS.BXC.Taco.Web\\CDWKS.BXC.Taco.Web.csproj
		SccProjectTopLevelParentUniqueName10 = CDWKS.BXC.sln
		SccProjectName10 = CDWKS.BXC.Taco.Web
		SccLocalPath10 = CDWKS.BXC.Taco.Web
		SccProjectUniqueName11 = CDWKS.Shared.ThirdParty\\CDWKS.Shared.ThirdParty.csproj
		SccProjectTopLevelParentUniqueName11 = CDWKS.BXC.sln
		SccProjectName11 = CDWKS.Shared.ThirdParty
		SccLocalPath11 = CDWKS.Shared.ThirdParty
		SccProjectUniqueName12 = CDWKS.BXC.Installer2011\\CDWKS.BXC.Installer2011.csproj
		SccProjectTopLevelParentUniqueName12 = CDWKS.BXC.sln
		SccProjectName12 = CDWKS.BXC.Installer2011
		SccLocalPath12 = CDWKS.BXC.Installer2011
		SccProjectUniqueName13 = CDWKS.BXC.Taco.Revit\\CDWKS.BXC.Taco.Revit2011.csproj
		SccProjectTopLevelParentUniqueName13 = CDWKS.BXC.sln
		SccProjectName13 = CDWKS.BXC.Taco.Revit
		SccLocalPath13 = CDWKS.BXC.Taco.Revit
		SccProjectUniqueName14 = CDWKS.BXC.Taco.Installer.Revit2011\\CDWKS.BXC.Taco.Installer.Revit2011.csproj
		SccProjectTopLevelParentUniqueName14 = CDWKS.BXC.sln
		SccProjectName14 = CDWKS.BXC.Taco.Installer.Revit2011
		SccLocalPath14 = CDWKS.BXC.Taco.Installer.Revit2011
		SccProjectUniqueName15 = CDWKS.BXC.Taco.Revit2012\\CDWKS.BXC.Taco.Revit2012.csproj
		SccProjectTopLevelParentUniqueName15 = CDWKS.BXC.sln
		SccProjectName15 = CDWKS.BXC.Taco.Revit2012
		SccLocalPath15 = CDWKS.BXC.Taco.Revit2012
		SccProjectUniqueName16 = CDWKS.BXC.Taco.Installer.Revit2012\\CDWKS.BXC.Taco.Installer.Revit2012.csproj
		SccProjectTopLevelParentUniqueName16 = CDWKS.BXC.sln
		SccProjectName16 = CDWKS.BXC.Taco.Installer.Revit2012
		SccLocalPath16 = CDWKS.BXC.Taco.Installer.Revit2012
		SccProjectUniqueName17 = CDWKS.Social.Taco\\CDWKS.Social.Taco.Web\\CDWKS.Social.Taco.Web.csproj
		SccProjectTopLevelParentUniqueName17 = CDWKS.BXC.sln
		SccProjectName17 = CDWKS.Social.Taco/CDWKS.Social.Taco.Web
		SccLocalPath17 = CDWKS.Social.Taco\\CDWKS.Social.Taco.Web
		SccProjectUniqueName18 = CDWKS.BXC.AutodeskFileService\\CDWKS.BXC.AutodeskFileService.csproj
		SccProjectTopLevelParentUniqueName18 = CDWKS.BXC.sln
		SccProjectName18 = CDWKS.BXC.AutodeskFileService
		SccLocalPath18 = CDWKS.BXC.AutodeskFileService
		SccProjectUniqueName19 = CDWKS.BXC.UserControl.2013\\CDWKS.BXC.UserControl.2013.csproj
		SccProjectTopLevelParentUniqueName19 = CDWKS.BXC.sln
		SccProjectName19 = CDWKS.BXC.UserControl.2013
		SccLocalPath19 = CDWKS.BXC.UserControl.2013
		SccProjectUniqueName20 = CDWKS.BXC.Installer.2013\\CDWKS.BXC.Installer.2013.csproj
		SccProjectTopLevelParentUniqueName20 = CDWKS.BXC.sln
		SccProjectName20 = CDWKS.BXC.Installer.2013
		SccLocalPath20 = CDWKS.BXC.Installer.2013
		SccProjectUniqueName21 = CDWKS.BXC.Indexer2011.Uploader\\CDWKS.BXC.Indexer2011.Uploader.csproj
		SccProjectTopLevelParentUniqueName21 = CDWKS.BXC.sln
		SccProjectName21 = CDWKS.BXC.Indexer2011.Uploader
		SccLocalPath21 = CDWKS.BXC.Indexer2011.Uploader
	EndGlobalSection
	GlobalSection(SolutionConfigurationPlatforms) = preSolution
		Debug|Any CPU = Debug|Any CPU
		Debug|Mixed Platforms = Debug|Mixed Platforms
		Debug|x64 = Debug|x64
		Debug|x86 = Debug|x86
		Release|Any CPU = Release|Any CPU
		Release|Mixed Platforms = Release|Mixed Platforms
		Release|x64 = Release|x64
		Release|x86 = Release|x86
	EndGlobalSection
	GlobalSection(ProjectConfigurationPlatforms) = postSolution
		{089FA4C5-AADC-4C28-B885-84C36C0D6C84}.Debug|Any CPU.ActiveCfg = Debug|Any CPU
		{089FA4C5-AADC-4C28-B885-84C36C0D6C84}.Debug|Any CPU.Build.0 = Debug|Any CPU
		{089FA4C5-AADC-4C28-B885-84C36C0D6C84}.Debug|Mixed Platforms.ActiveCfg = Debug|Any CPU
		{089FA4C5-AADC-4C28-B885-84C36C0D6C84}.Debug|Mixed Platforms.Build.0 = Debug|Any CPU
		{089FA4C5-AADC-4C28-B885-84C36C0D6C84}.Debug|x64.ActiveCfg = Debug|Any CPU
		{089FA4C5-AADC-4C28-B885-84C36C0D6C84}.Debug|x86.ActiveCfg = Debug|Any CPU
		{089FA4C5-AADC-4C28-B885-84C36C0D6C84}.Release|Any CPU.ActiveCfg = Release|Any CPU
		{089FA4C5-AADC-4C28-B885-84C36C0D6C84}.Release|Any CPU.Build.0 = Release|Any CPU
		{089FA4C5-AADC-4C28-B885-84C36C0D6C84}.Release|Mixed Platforms.ActiveCfg = Release|Any CPU
		{089FA4C5-AADC-4C28-B885-84C36C0D6C84}.Release|Mixed Platforms.Build.0 = Release|Any CPU
		{089FA4C5-AADC-4C28-B885-84C36C0D6C84}.Release|x64.ActiveCfg = Release|Any CPU
		{089FA4C5-AADC-4C28-B885-84C36C0D6C84}.Release|x86.ActiveCfg = Release|Any CPU
		{2DE9A142-BE22-4EF7-B8C6-8B4B1E721452}.Debug|Any CPU.ActiveCfg = Debug|Any CPU
		{2DE9A142-BE22-4EF7-B8C6-8B4B1E721452}.Debug|Any CPU.Build.0 = Debug|Any CPU
		{2DE9A142-BE22-4EF7-B8C6-8B4B1E721452}.Debug|Mixed Platforms.ActiveCfg = Debug|Any CPU
		{2DE9A142-BE22-4EF7-B8C6-8B4B1E721452}.Debug|Mixed Platforms.Build.0 = Debug|Any CPU
		{2DE9A142-BE22-4EF7-B8C6-8B4B1E721452}.Debug|x64.ActiveCfg = Debug|Any CPU
		{2DE9A142-BE22-4EF7-B8C6-8B4B1E721452}.Debug|x86.ActiveCfg = Debug|Any CPU
		{2DE9A142-BE22-4EF7-B8C6-8B4B1E721452}.Release|Any CPU.ActiveCfg = Release|Any CPU
		{2DE9A142-BE22-4EF7-B8C6-8B4B1E721452}.Release|Any CPU.Build.0 = Release|Any CPU
		{2DE9A142-BE22-4EF7-B8C6-8B4B1E721452}.Release|Mixed Platforms.ActiveCfg = Release|Any CPU
		{2DE9A142-BE22-4EF7-B8C6-8B4B1E721452}.Release|Mixed Platforms.Build.0 = Release|Any CPU
		{2DE9A142-BE22-4EF7-B8C6-8B4B1E721452}.Release|x64.ActiveCfg = Release|Any CPU
		{2DE9A142-BE22-4EF7-B8C6-8B4B1E721452}.Release|x86.ActiveCfg = Release|Any CPU
		{719BCFBC-6F29-41C0-8943-FAB7F7AE6E02}.Debug|Any CPU.ActiveCfg = Debug|Any CPU
		{719BCFBC-6F29-41C0-8943-FAB7F7AE6E02}.Debug|Any CPU.Build.0 = Debug|Any CPU
		{719BCFBC-6F29-41C0-8943-FAB7F7AE6E02}.Debug|Mixed Platforms.ActiveCfg = Debug|Any CPU
		{719BCFBC-6F29-41C0-8943-FAB7F7AE6E02}.Debug|Mixed Platforms.Build.0 = Debug|Any CPU
		{719BCFBC-6F29-41C0-8943-FAB7F7AE6E02}.Debug|x64.ActiveCfg = Debug|Any CPU
		{719BCFBC-6F29-41C0-8943-FAB7F7AE6E02}.Debug|x86.ActiveCfg = Debug|Any CPU
		{719BCFBC-6F29-41C0-8943-FAB7F7AE6E02}.Release|Any CPU.ActiveCfg = Release|Any CPU
		{719BCFBC-6F29-41C0-8943-FAB7F7AE6E02}.Release|Any CPU.Build.0 = Release|Any CPU
		{719BCFBC-6F29-41C0-8943-FAB7F7AE6E02}.Release|Mixed Platforms.ActiveCfg = Release|Any CPU
		{719BCFBC-6F29-41C0-8943-FAB7F7AE6E02}.Release|Mixed Platforms.Build.0 = Release|Any CPU
		{719BCFBC-6F29-41C0-8943-FAB7F7AE6E02}.Release|x64.ActiveCfg = Release|Any CPU
		{719BCFBC-6F29-41C0-8943-FAB7F7AE6E02}.Release|x86.ActiveCfg = Release|Any CPU
		{D3D7EE9E-1E27-4F06-9276-65F25DE3B6FD}.Debug|Any CPU.ActiveCfg = Debug|Any CPU
		{D3D7EE9E-1E27-4F06-9276-65F25DE3B6FD}.Debug|Any CPU.Build.0 = Debug|Any CPU
		{D3D7EE9E-1E27-4F06-9276-65F25DE3B6FD}.Debug|Mixed Platforms.ActiveCfg = Debug|Any CPU
		{D3D7EE9E-1E27-4F06-9276-65F25DE3B6FD}.Debug|Mixed Platforms.Build.0 = Debug|Any CPU
		{D3D7EE9E-1E27-4F06-9276-65F25DE3B6FD}.Debug|x64.ActiveCfg = Debug|Any CPU
		{D3D7EE9E-1E27-4F06-9276-65F25DE3B6FD}.Debug|x86.ActiveCfg = Debug|Any CPU
		{D3D7EE9E-1E27-4F06-9276-65F25DE3B6FD}.Release|Any CPU.ActiveCfg = Release|Any CPU
		{D3D7EE9E-1E27-4F06-9276-65F25DE3B6FD}.Release|Any CPU.Build.0 = Release|Any CPU
		{D3D7EE9E-1E27-4F06-9276-65F25DE3B6FD}.Release|Mixed Platforms.ActiveCfg = Release|Any CPU
		{D3D7EE9E-1E27-4F06-9276-65F25DE3B6FD}.Release|Mixed Platforms.Build.0 = Release|Any CPU
		{D3D7EE9E-1E27-4F06-9276-65F25DE3B6FD}.Release|x64.ActiveCfg = Release|Any CPU
		{D3D7EE9E-1E27-4F06-9276-65F25DE3B6FD}.Release|x86.ActiveCfg = Release|Any CPU
		{2F0DBD8B-8EA2-4D12-8C0A-211295B0B5CC}.Debug|Any CPU.ActiveCfg = Debug|x86
		{2F0DBD8B-8EA2-4D12-8C0A-211295B0B5CC}.Debug|Mixed Platforms.ActiveCfg = Debug|x86
		{2F0DBD8B-8EA2-4D12-8C0A-211295B0B5CC}.Debug|Mixed Platforms.Build.0 = Debug|x86
		{2F0DBD8B-8EA2-4D12-8C0A-211295B0B5CC}.Debug|x64.ActiveCfg = Debug|x86
		{2F0DBD8B-8EA2-4D12-8C0A-211295B0B5CC}.Debug|x86.ActiveCfg = Debug|x86
		{2F0DBD8B-8EA2-4D12-8C0A-211295B0B5CC}.Debug|x86.Build.0 = Debug|x86
		{2F0DBD8B-8EA2-4D12-8C0A-211295B0B5CC}.Release|Any CPU.ActiveCfg = Release|x86
		{2F0DBD8B-8EA2-4D12-8C0A-211295B0B5CC}.Release|Mixed Platforms.ActiveCfg = Release|x86
		{2F0DBD8B-8EA2-4D12-8C0A-211295B0B5CC}.Release|Mixed Platforms.Build.0 = Release|x86
		{2F0DBD8B-8EA2-4D12-8C0A-211295B0B5CC}.Release|x64.ActiveCfg = Release|x86
		{2F0DBD8B-8EA2-4D12-8C0A-211295B0B5CC}.Release|x86.ActiveCfg = Release|x86
		{2F0DBD8B-8EA2-4D12-8C0A-211295B0B5CC}.Release|x86.Build.0 = Release|x86
		{AFB64E23-2035-4CF7-A677-B626E1332534}.Debug|Any CPU.ActiveCfg = Debug|Any CPU
		{AFB64E23-2035-4CF7-A677-B626E1332534}.Debug|Any CPU.Build.0 = Debug|Any CPU
		{AFB64E23-2035-4CF7-A677-B626E1332534}.Debug|Mixed Platforms.ActiveCfg = Debug|Any CPU
		{AFB64E23-2035-4CF7-A677-B626E1332534}.Debug|Mixed Platforms.Build.0 = Debug|Any CPU
		{AFB64E23-2035-4CF7-A677-B626E1332534}.Debug|x64.ActiveCfg = Debug|Any CPU
		{AFB64E23-2035-4CF7-A677-B626E1332534}.Debug|x86.ActiveCfg = Debug|Any CPU
		{AFB64E23-2035-4CF7-A677-B626E1332534}.Release|Any CPU.ActiveCfg = Release|Any CPU
		{AFB64E23-2035-4CF7-A677-B626E1332534}.Release|Any CPU.Build.0 = Release|Any CPU
		{AFB64E23-2035-4CF7-A677-B626E1332534}.Release|Mixed Platforms.ActiveCfg = Release|Any CPU
		{AFB64E23-2035-4CF7-A677-B626E1332534}.Release|Mixed Platforms.Build.0 = Release|Any CPU
		{AFB64E23-2035-4CF7-A677-B626E1332534}.Release|x64.ActiveCfg = Release|Any CPU
		{AFB64E23-2035-4CF7-A677-B626E1332534}.Release|x86.ActiveCfg = Release|Any CPU
		{9308973D-8EFA-4B8E-B7A9-51992405D6A7}.Debug|Any CPU.ActiveCfg = Debug|x86
		{9308973D-8EFA-4B8E-B7A9-51992405D6A7}.Debug|Mixed Platforms.ActiveCfg = Debug|x86
		{9308973D-8EFA-4B8E-B7A9-51992405D6A7}.Debug|Mixed Platforms.Build.0 = Debug|x86
		{9308973D-8EFA-4B8E-B7A9-51992405D6A7}.Debug|x64.ActiveCfg = Debug|x86
		{9308973D-8EFA-4B8E-B7A9-51992405D6A7}.Debug|x86.ActiveCfg = Debug|x86
		{9308973D-8EFA-4B8E-B7A9-51992405D6A7}.Debug|x86.Build.0 = Debug|x86
		{9308973D-8EFA-4B8E-B7A9-51992405D6A7}.Release|Any CPU.ActiveCfg = Release|x86
		{9308973D-8EFA-4B8E-B7A9-51992405D6A7}.Release|Mixed Platforms.ActiveCfg = Release|x86
		{9308973D-8EFA-4B8E-B7A9-51992405D6A7}.Release|Mixed Platforms.Build.0 = Release|x86
		{9308973D-8EFA-4B8E-B7A9-51992405D6A7}.Release|x64.ActiveCfg = Release|x86
		{9308973D-8EFA-4B8E-B7A9-51992405D6A7}.Release|x86.ActiveCfg = Release|x86
		{9308973D-8EFA-4B8E-B7A9-51992405D6A7}.Release|x86.Build.0 = Release|x86
		{C06F9FBC-B1B7-4F65-870B-E30C5C58F140}.Debug|Any CPU.ActiveCfg = Debug|Any CPU
		{C06F9FBC-B1B7-4F65-870B-E30C5C58F140}.Debug|Any CPU.Build.0 = Debug|Any CPU
		{C06F9FBC-B1B7-4F65-870B-E30C5C58F140}.Debug|Mixed Platforms.ActiveCfg = Debug|Any CPU
		{C06F9FBC-B1B7-4F65-870B-E30C5C58F140}.Debug|Mixed Platforms.Build.0 = Debug|Any CPU
		{C06F9FBC-B1B7-4F65-870B-E30C5C58F140}.Debug|x64.ActiveCfg = Debug|Any CPU
		{C06F9FBC-B1B7-4F65-870B-E30C5C58F140}.Debug|x86.ActiveCfg = Debug|Any CPU
		{C06F9FBC-B1B7-4F65-870B-E30C5C58F140}.Release|Any CPU.ActiveCfg = Release|Any CPU
		{C06F9FBC-B1B7-4F65-870B-E30C5C58F140}.Release|Any CPU.Build.0 = Release|Any CPU
		{C06F9FBC-B1B7-4F65-870B-E30C5C58F140}.Release|Mixed Platforms.ActiveCfg = Release|Any CPU
		{C06F9FBC-B1B7-4F65-870B-E30C5C58F140}.Release|Mixed Platforms.Build.0 = Release|Any CPU
		{C06F9FBC-B1B7-4F65-870B-E30C5C58F140}.Release|x64.ActiveCfg = Release|Any CPU
		{C06F9FBC-B1B7-4F65-870B-E30C5C58F140}.Release|x86.ActiveCfg = Release|Any CPU
		{85AE41DB-0039-4575-9D33-856EEB4D369C}.Debug|Any CPU.ActiveCfg = Debug|Any CPU
		{85AE41DB-0039-4575-9D33-856EEB4D369C}.Debug|Any CPU.Build.0 = Debug|Any CPU
		{85AE41DB-0039-4575-9D33-856EEB4D369C}.Debug|Mixed Platforms.ActiveCfg = Debug|Any CPU
		{85AE41DB-0039-4575-9D33-856EEB4D369C}.Debug|Mixed Platforms.Build.0 = Debug|Any CPU
		{85AE41DB-0039-4575-9D33-856EEB4D369C}.Debug|x64.ActiveCfg = Debug|Any CPU
		{85AE41DB-0039-4575-9D33-856EEB4D369C}.Debug|x86.ActiveCfg = Debug|Any CPU
		{85AE41DB-0039-4575-9D33-856EEB4D369C}.Release|Any CPU.ActiveCfg = Release|Any CPU
		{85AE41DB-0039-4575-9D33-856EEB4D369C}.Release|Any CPU.Build.0 = Release|Any CPU
		{85AE41DB-0039-4575-9D33-856EEB4D369C}.Release|Mixed Platforms.ActiveCfg = Release|Any CPU
		{85AE41DB-0039-4575-9D33-856EEB4D369C}.Release|Mixed Platforms.Build.0 = Release|Any CPU
		{85AE41DB-0039-4575-9D33-856EEB4D369C}.Release|x64.ActiveCfg = Release|Any CPU
		{85AE41DB-0039-4575-9D33-856EEB4D369C}.Release|x86.ActiveCfg = Release|Any CPU
		{FEB6F66C-1CF1-4817-A42C-E1AD0A8C5D6D}.Debug|Any CPU.ActiveCfg = Debug|Any CPU
		{FEB6F66C-1CF1-4817-A42C-E1AD0A8C5D6D}.Debug|Any CPU.Build.0 = Debug|Any CPU
		{FEB6F66C-1CF1-4817-A42C-E1AD0A8C5D6D}.Debug|Mixed Platforms.ActiveCfg = Debug|Any CPU
		{FEB6F66C-1CF1-4817-A42C-E1AD0A8C5D6D}.Debug|Mixed Platforms.Build.0 = Debug|Any CPU
		{FEB6F66C-1CF1-4817-A42C-E1AD0A8C5D6D}.Debug|x64.ActiveCfg = Debug|Any CPU
		{FEB6F66C-1CF1-4817-A42C-E1AD0A8C5D6D}.Debug|x86.ActiveCfg = Debug|Any CPU
		{FEB6F66C-1CF1-4817-A42C-E1AD0A8C5D6D}.Release|Any CPU.ActiveCfg = Release|Any CPU
		{FEB6F66C-1CF1-4817-A42C-E1AD0A8C5D6D}.Release|Any CPU.Build.0 = Release|Any CPU
		{FEB6F66C-1CF1-4817-A42C-E1AD0A8C5D6D}.Release|Mixed Platforms.ActiveCfg = Release|Any CPU
		{FEB6F66C-1CF1-4817-A42C-E1AD0A8C5D6D}.Release|Mixed Platforms.Build.0 = Release|Any CPU
		{FEB6F66C-1CF1-4817-A42C-E1AD0A8C5D6D}.Release|x64.ActiveCfg = Release|Any CPU
		{FEB6F66C-1CF1-4817-A42C-E1AD0A8C5D6D}.Release|x86.ActiveCfg = Release|Any CPU
		{3DFD5F0B-4D1D-4146-90E3-CADF619F5A3E}.Debug|Any CPU.ActiveCfg = Debug|Any CPU
		{3DFD5F0B-4D1D-4146-90E3-CADF619F5A3E}.Debug|Any CPU.Build.0 = Debug|Any CPU
		{3DFD5F0B-4D1D-4146-90E3-CADF619F5A3E}.Debug|Mixed Platforms.ActiveCfg = Debug|Any CPU
		{3DFD5F0B-4D1D-4146-90E3-CADF619F5A3E}.Debug|Mixed Platforms.Build.0 = Debug|Any CPU
		{3DFD5F0B-4D1D-4146-90E3-CADF619F5A3E}.Debug|x64.ActiveCfg = Debug|Any CPU
		{3DFD5F0B-4D1D-4146-90E3-CADF619F5A3E}.Debug|x86.ActiveCfg = Debug|Any CPU
		{3DFD5F0B-4D1D-4146-90E3-CADF619F5A3E}.Release|Any CPU.ActiveCfg = Release|Any CPU
		{3DFD5F0B-4D1D-4146-90E3-CADF619F5A3E}.Release|Any CPU.Build.0 = Release|Any CPU
		{3DFD5F0B-4D1D-4146-90E3-CADF619F5A3E}.Release|Mixed Platforms.ActiveCfg = Release|Any CPU
		{3DFD5F0B-4D1D-4146-90E3-CADF619F5A3E}.Release|Mixed Platforms.Build.0 = Release|Any CPU
		{3DFD5F0B-4D1D-4146-90E3-CADF619F5A3E}.Release|x64.ActiveCfg = Release|Any CPU
		{3DFD5F0B-4D1D-4146-90E3-CADF619F5A3E}.Release|x86.ActiveCfg = Release|Any CPU
		{F8795B2D-DF7A-4095-88B9-7A894FFD508A}.Debug|Any CPU.ActiveCfg = Debug|Any CPU
		{F8795B2D-DF7A-4095-88B9-7A894FFD508A}.Debug|Any CPU.Build.0 = Debug|Any CPU
		{F8795B2D-DF7A-4095-88B9-7A894FFD508A}.Debug|Mixed Platforms.ActiveCfg = Debug|Any CPU
		{F8795B2D-DF7A-4095-88B9-7A894FFD508A}.Debug|Mixed Platforms.Build.0 = Debug|Any CPU
		{F8795B2D-DF7A-4095-88B9-7A894FFD508A}.Debug|x64.ActiveCfg = Debug|Any CPU
		{F8795B2D-DF7A-4095-88B9-7A894FFD508A}.Debug|x86.ActiveCfg = Debug|Any CPU
		{F8795B2D-DF7A-4095-88B9-7A894FFD508A}.Release|Any CPU.ActiveCfg = Release|Any CPU
		{F8795B2D-DF7A-4095-88B9-7A894FFD508A}.Release|Any CPU.Build.0 = Release|Any CPU
		{F8795B2D-DF7A-4095-88B9-7A894FFD508A}.Release|Mixed Platforms.ActiveCfg = Release|Any CPU
		{F8795B2D-DF7A-4095-88B9-7A894FFD508A}.Release|Mixed Platforms.Build.0 = Release|Any CPU
		{F8795B2D-DF7A-4095-88B9-7A894FFD508A}.Release|x64.ActiveCfg = Release|Any CPU
		{F8795B2D-DF7A-4095-88B9-7A894FFD508A}.Release|x86.ActiveCfg = Release|Any CPU
		{49144A43-19E2-4DFE-BE31-5D3BED80064A}.Debug|Any CPU.ActiveCfg = Debug|Any CPU
		{49144A43-19E2-4DFE-BE31-5D3BED80064A}.Debug|Any CPU.Build.0 = Debug|Any CPU
		{49144A43-19E2-4DFE-BE31-5D3BED80064A}.Debug|Mixed Platforms.ActiveCfg = Debug|Any CPU
		{49144A43-19E2-4DFE-BE31-5D3BED80064A}.Debug|Mixed Platforms.Build.0 = Debug|Any CPU
		{49144A43-19E2-4DFE-BE31-5D3BED80064A}.Debug|x64.ActiveCfg = Debug|Any CPU
		{49144A43-19E2-4DFE-BE31-5D3BED80064A}.Debug|x86.ActiveCfg = Debug|Any CPU
		{49144A43-19E2-4DFE-BE31-5D3BED80064A}.Release|Any CPU.ActiveCfg = Release|Any CPU
		{49144A43-19E2-4DFE-BE31-5D3BED80064A}.Release|Any CPU.Build.0 = Release|Any CPU
		{49144A43-19E2-4DFE-BE31-5D3BED80064A}.Release|Mixed Platforms.ActiveCfg = Release|Any CPU
		{49144A43-19E2-4DFE-BE31-5D3BED80064A}.Release|Mixed Platforms.Build.0 = Release|Any CPU
		{49144A43-19E2-4DFE-BE31-5D3BED80064A}.Release|x64.ActiveCfg = Release|Any CPU
		{49144A43-19E2-4DFE-BE31-5D3BED80064A}.Release|x86.ActiveCfg = Release|Any CPU
		{DC13A374-5C96-4F36-915B-776380B75313}.Debug|Any CPU.ActiveCfg = Debug|Any CPU
		{DC13A374-5C96-4F36-915B-776380B75313}.Debug|Any CPU.Build.0 = Debug|Any CPU
		{DC13A374-5C96-4F36-915B-776380B75313}.Debug|Mixed Platforms.ActiveCfg = Debug|Any CPU
		{DC13A374-5C96-4F36-915B-776380B75313}.Debug|Mixed Platforms.Build.0 = Debug|Any CPU
		{DC13A374-5C96-4F36-915B-776380B75313}.Debug|x64.ActiveCfg = Debug|Any CPU
		{DC13A374-5C96-4F36-915B-776380B75313}.Debug|x86.ActiveCfg = Debug|Any CPU
		{DC13A374-5C96-4F36-915B-776380B75313}.Release|Any CPU.ActiveCfg = Release|Any CPU
		{DC13A374-5C96-4F36-915B-776380B75313}.Release|Any CPU.Build.0 = Release|Any CPU
		{DC13A374-5C96-4F36-915B-776380B75313}.Release|Mixed Platforms.ActiveCfg = Release|Any CPU
		{DC13A374-5C96-4F36-915B-776380B75313}.Release|Mixed Platforms.Build.0 = Release|Any CPU
		{DC13A374-5C96-4F36-915B-776380B75313}.Release|x64.ActiveCfg = Release|Any CPU
		{DC13A374-5C96-4F36-915B-776380B75313}.Release|x86.ActiveCfg = Release|Any CPU
		{70796A1A-1774-4201-B88D-04F305563581}.Debug|Any CPU.ActiveCfg = Debug|Any CPU
		{70796A1A-1774-4201-B88D-04F305563581}.Debug|Any CPU.Build.0 = Debug|Any CPU
		{70796A1A-1774-4201-B88D-04F305563581}.Debug|Mixed Platforms.ActiveCfg = Debug|Any CPU
		{70796A1A-1774-4201-B88D-04F305563581}.Debug|Mixed Platforms.Build.0 = Debug|Any CPU
		{70796A1A-1774-4201-B88D-04F305563581}.Debug|x64.ActiveCfg = Debug|Any CPU
		{70796A1A-1774-4201-B88D-04F305563581}.Debug|x86.ActiveCfg = Debug|Any CPU
		{70796A1A-1774-4201-B88D-04F305563581}.Release|Any CPU.ActiveCfg = Release|Any CPU
		{70796A1A-1774-4201-B88D-04F305563581}.Release|Any CPU.Build.0 = Release|Any CPU
		{70796A1A-1774-4201-B88D-04F305563581}.Release|Mixed Platforms.ActiveCfg = Release|Any CPU
		{70796A1A-1774-4201-B88D-04F305563581}.Release|Mixed Platforms.Build.0 = Release|Any CPU
		{70796A1A-1774-4201-B88D-04F305563581}.Release|x64.ActiveCfg = Release|Any CPU
		{70796A1A-1774-4201-B88D-04F305563581}.Release|x86.ActiveCfg = Release|Any CPU
		{386444F8-A1B2-4EFC-83BC-B4316BE870F0}.Debug|Any CPU.ActiveCfg = Debug|Any CPU
		{386444F8-A1B2-4EFC-83BC-B4316BE870F0}.Debug|Any CPU.Build.0 = Debug|Any CPU
		{386444F8-A1B2-4EFC-83BC-B4316BE870F0}.Debug|Mixed Platforms.ActiveCfg = Debug|Any CPU
		{386444F8-A1B2-4EFC-83BC-B4316BE870F0}.Debug|Mixed Platforms.Build.0 = Debug|Any CPU
		{386444F8-A1B2-4EFC-83BC-B4316BE870F0}.Debug|x64.ActiveCfg = Debug|Any CPU
		{386444F8-A1B2-4EFC-83BC-B4316BE870F0}.Debug|x86.ActiveCfg = Debug|Any CPU
		{386444F8-A1B2-4EFC-83BC-B4316BE870F0}.Release|Any CPU.ActiveCfg = Release|Any CPU
		{386444F8-A1B2-4EFC-83BC-B4316BE870F0}.Release|Any CPU.Build.0 = Release|Any CPU
		{386444F8-A1B2-4EFC-83BC-B4316BE870F0}.Release|Mixed Platforms.ActiveCfg = Release|Any CPU
		{386444F8-A1B2-4EFC-83BC-B4316BE870F0}.Release|Mixed Platforms.Build.0 = Release|Any CPU
		{386444F8-A1B2-4EFC-83BC-B4316BE870F0}.Release|x64.ActiveCfg = Release|Any CPU
		{386444F8-A1B2-4EFC-83BC-B4316BE870F0}.Release|x86.ActiveCfg = Release|Any CPU
		{5C1AEC8D-1AAA-4587-8AE0-9CD6A179DFAB}.Debug|Any CPU.ActiveCfg = Debug|Any CPU
		{5C1AEC8D-1AAA-4587-8AE0-9CD6A179DFAB}.Debug|Any CPU.Build.0 = Debug|Any CPU
		{5C1AEC8D-1AAA-4587-8AE0-9CD6A179DFAB}.Debug|Mixed Platforms.ActiveCfg = Debug|Any CPU
		{5C1AEC8D-1AAA-4587-8AE0-9CD6A179DFAB}.Debug|Mixed Platforms.Build.0 = Debug|Any CPU
		{5C1AEC8D-1AAA-4587-8AE0-9CD6A179DFAB}.Debug|x64.ActiveCfg = Debug|Any CPU
		{5C1AEC8D-1AAA-4587-8AE0-9CD6A179DFAB}.Debug|x86.ActiveCfg = Debug|Any CPU
		{5C1AEC8D-1AAA-4587-8AE0-9CD6A179DFAB}.Release|Any CPU.ActiveCfg = Release|Any CPU
		{5C1AEC8D-1AAA-4587-8AE0-9CD6A179DFAB}.Release|Any CPU.Build.0 = Release|Any CPU
		{5C1AEC8D-1AAA-4587-8AE0-9CD6A179DFAB}.Release|Mixed Platforms.ActiveCfg = Release|Any CPU
		{5C1AEC8D-1AAA-4587-8AE0-9CD6A179DFAB}.Release|Mixed Platforms.Build.0 = Release|Any CPU
		{5C1AEC8D-1AAA-4587-8AE0-9CD6A179DFAB}.Release|x64.ActiveCfg = Release|Any CPU
		{5C1AEC8D-1AAA-4587-8AE0-9CD6A179DFAB}.Release|x86.ActiveCfg = Release|Any CPU
		{B212B384-F6EF-4E98-B3C8-D58A7D2A520A}.Debug|Any CPU.ActiveCfg = Debug|Any CPU
		{B212B384-F6EF-4E98-B3C8-D58A7D2A520A}.Debug|Any CPU.Build.0 = Debug|Any CPU
		{B212B384-F6EF-4E98-B3C8-D58A7D2A520A}.Debug|Mixed Platforms.ActiveCfg = Debug|Any CPU
		{B212B384-F6EF-4E98-B3C8-D58A7D2A520A}.Debug|Mixed Platforms.Build.0 = Debug|Any CPU
		{B212B384-F6EF-4E98-B3C8-D58A7D2A520A}.Debug|x64.ActiveCfg = Debug|Any CPU
		{B212B384-F6EF-4E98-B3C8-D58A7D2A520A}.Debug|x86.ActiveCfg = Debug|Any CPU
		{B212B384-F6EF-4E98-B3C8-D58A7D2A520A}.Release|Any CPU.ActiveCfg = Release|Any CPU
		{B212B384-F6EF-4E98-B3C8-D58A7D2A520A}.Release|Any CPU.Build.0 = Release|Any CPU
		{B212B384-F6EF-4E98-B3C8-D58A7D2A520A}.Release|Mixed Platforms.ActiveCfg = Release|Any CPU
		{B212B384-F6EF-4E98-B3C8-D58A7D2A520A}.Release|Mixed Platforms.Build.0 = Release|Any CPU
		{B212B384-F6EF-4E98-B3C8-D58A7D2A520A}.Release|x64.ActiveCfg = Release|Any CPU
		{B212B384-F6EF-4E98-B3C8-D58A7D2A520A}.Release|x86.ActiveCfg = Release|Any CPU
		{F970D2C0-CF35-443E-8896-ABE26A67F301}.Debug|Any CPU.ActiveCfg = Debug|Any CPU
		{F970D2C0-CF35-443E-8896-ABE26A67F301}.Debug|Any CPU.Build.0 = Debug|Any CPU
		{F970D2C0-CF35-443E-8896-ABE26A67F301}.Debug|Mixed Platforms.ActiveCfg = Debug|Any CPU
		{F970D2C0-CF35-443E-8896-ABE26A67F301}.Debug|Mixed Platforms.Build.0 = Debug|Any CPU
		{F970D2C0-CF35-443E-8896-ABE26A67F301}.Debug|x64.ActiveCfg = Debug|Any CPU
		{F970D2C0-CF35-443E-8896-ABE26A67F301}.Debug|x86.ActiveCfg = Debug|Any CPU
		{F970D2C0-CF35-443E-8896-ABE26A67F301}.Release|Any CPU.ActiveCfg = Release|Any CPU
		{F970D2C0-CF35-443E-8896-ABE26A67F301}.Release|Any CPU.Build.0 = Release|Any CPU
		{F970D2C0-CF35-443E-8896-ABE26A67F301}.Release|Mixed Platforms.ActiveCfg = Release|Any CPU
		{F970D2C0-CF35-443E-8896-ABE26A67F301}.Release|Mixed Platforms.Build.0 = Release|Any CPU
		{F970D2C0-CF35-443E-8896-ABE26A67F301}.Release|x64.ActiveCfg = Release|Any CPU
		{F970D2C0-CF35-443E-8896-ABE26A67F301}.Release|x86.ActiveCfg = Release|Any CPU
		{67209D39-7A52-4BEA-BEB2-51D5EE9B0C37}.Debug|Any CPU.ActiveCfg = Debug|x86
		{67209D39-7A52-4BEA-BEB2-51D5EE9B0C37}.Debug|Mixed Platforms.ActiveCfg = Debug|x86
		{67209D39-7A52-4BEA-BEB2-51D5EE9B0C37}.Debug|Mixed Platforms.Build.0 = Debug|x86
		{67209D39-7A52-4BEA-BEB2-51D5EE9B0C37}.Debug|x64.ActiveCfg = Debug|x86
		{67209D39-7A52-4BEA-BEB2-51D5EE9B0C37}.Debug|x86.ActiveCfg = Debug|x86
		{67209D39-7A52-4BEA-BEB2-51D5EE9B0C37}.Debug|x86.Build.0 = Debug|x86
		{67209D39-7A52-4BEA-BEB2-51D5EE9B0C37}.Release|Any CPU.ActiveCfg = Release|x86
		{67209D39-7A52-4BEA-BEB2-51D5EE9B0C37}.Release|Mixed Platforms.ActiveCfg = Release|x86
		{67209D39-7A52-4BEA-BEB2-51D5EE9B0C37}.Release|Mixed Platforms.Build.0 = Release|x86
		{67209D39-7A52-4BEA-BEB2-51D5EE9B0C37}.Release|x64.ActiveCfg = Release|x86
		{67209D39-7A52-4BEA-BEB2-51D5EE9B0C37}.Release|x86.ActiveCfg = Release|x86
		{67209D39-7A52-4BEA-BEB2-51D5EE9B0C37}.Release|x86.Build.0 = Release|x86
		{5558FD74-3768-45BF-96D2-15FA81720C64}.Debug|Any CPU.ActiveCfg = Debug|x86
		{5558FD74-3768-45BF-96D2-15FA81720C64}.Debug|Mixed Platforms.ActiveCfg = Debug|x86
		{5558FD74-3768-45BF-96D2-15FA81720C64}.Debug|Mixed Platforms.Build.0 = Debug|x86
		{5558FD74-3768-45BF-96D2-15FA81720C64}.Debug|x64.ActiveCfg = Debug|x86
		{5558FD74-3768-45BF-96D2-15FA81720C64}.Debug|x86.ActiveCfg = Debug|x86
		{5558FD74-3768-45BF-96D2-15FA81720C64}.Debug|x86.Build.0 = Debug|x86
		{5558FD74-3768-45BF-96D2-15FA81720C64}.Release|Any CPU.ActiveCfg = Release|x86
		{5558FD74-3768-45BF-96D2-15FA81720C64}.Release|Mixed Platforms.ActiveCfg = Release|x86
		{5558FD74-3768-45BF-96D2-15FA81720C64}.Release|Mixed Platforms.Build.0 = Release|x86
		{5558FD74-3768-45BF-96D2-15FA81720C64}.Release|x64.ActiveCfg = Release|x86
		{5558FD74-3768-45BF-96D2-15FA81720C64}.Release|x86.ActiveCfg = Release|x86
		{5558FD74-3768-45BF-96D2-15FA81720C64}.Release|x86.Build.0 = Release|x86
		{7E939379-7A27-4B66-856E-786264D3260D}.Debug|Any CPU.ActiveCfg = Debug|x86
		{7E939379-7A27-4B66-856E-786264D3260D}.Debug|Mixed Platforms.ActiveCfg = Debug|x86
		{7E939379-7A27-4B66-856E-786264D3260D}.Debug|Mixed Platforms.Build.0 = Debug|x86
		{7E939379-7A27-4B66-856E-786264D3260D}.Debug|x64.ActiveCfg = Debug|x86
		{7E939379-7A27-4B66-856E-786264D3260D}.Debug|x86.ActiveCfg = Debug|x86
		{7E939379-7A27-4B66-856E-786264D3260D}.Debug|x86.Build.0 = Debug|x86
		{7E939379-7A27-4B66-856E-786264D3260D}.Release|Any CPU.ActiveCfg = Release|x86
		{7E939379-7A27-4B66-856E-786264D3260D}.Release|Mixed Platforms.ActiveCfg = Release|x86
		{7E939379-7A27-4B66-856E-786264D3260D}.Release|Mixed Platforms.Build.0 = Release|x86
		{7E939379-7A27-4B66-856E-786264D3260D}.Release|x64.ActiveCfg = Release|x86
		{7E939379-7A27-4B66-856E-786264D3260D}.Release|x86.ActiveCfg = Release|x86
		{7E939379-7A27-4B66-856E-786264D3260D}.Release|x86.Build.0 = Release|x86
		{18C84C8B-3D74-4B65-917E-E275E4029D62}.Debug|Any CPU.ActiveCfg = Debug|x86
		{18C84C8B-3D74-4B65-917E-E275E4029D62}.Debug|Mixed Platforms.ActiveCfg = Debug|x86
		{18C84C8B-3D74-4B65-917E-E275E4029D62}.Debug|Mixed Platforms.Build.0 = Debug|x86
		{18C84C8B-3D74-4B65-917E-E275E4029D62}.Debug|x64.ActiveCfg = Debug|x86
		{18C84C8B-3D74-4B65-917E-E275E4029D62}.Debug|x86.ActiveCfg = Debug|x86
		{18C84C8B-3D74-4B65-917E-E275E4029D62}.Debug|x86.Build.0 = Debug|x86
		{18C84C8B-3D74-4B65-917E-E275E4029D62}.Release|Any CPU.ActiveCfg = Release|x86
		{18C84C8B-3D74-4B65-917E-E275E4029D62}.Release|Mixed Platforms.ActiveCfg = Release|x86
		{18C84C8B-3D74-4B65-917E-E275E4029D62}.Release|Mixed Platforms.Build.0 = Release|x86
		{18C84C8B-3D74-4B65-917E-E275E4029D62}.Release|x64.ActiveCfg = Release|x86
		{18C84C8B-3D74-4B65-917E-E275E4029D62}.Release|x86.ActiveCfg = Release|x86
		{18C84C8B-3D74-4B65-917E-E275E4029D62}.Release|x86.Build.0 = Release|x86
		{31A5FE35-C04E-4A98-84FC-F3D2A38E2FF4}.Debug|Any CPU.ActiveCfg = Debug|x86
		{31A5FE35-C04E-4A98-84FC-F3D2A38E2FF4}.Debug|Mixed Platforms.ActiveCfg = Debug|x86
		{31A5FE35-C04E-4A98-84FC-F3D2A38E2FF4}.Debug|Mixed Platforms.Build.0 = Debug|x86
		{31A5FE35-C04E-4A98-84FC-F3D2A38E2FF4}.Debug|x64.ActiveCfg = Debug|x86
		{31A5FE35-C04E-4A98-84FC-F3D2A38E2FF4}.Debug|x86.ActiveCfg = Debug|x86
		{31A5FE35-C04E-4A98-84FC-F3D2A38E2FF4}.Debug|x86.Build.0 = Debug|x86
		{31A5FE35-C04E-4A98-84FC-F3D2A38E2FF4}.Release|Any CPU.ActiveCfg = Release|x86
		{31A5FE35-C04E-4A98-84FC-F3D2A38E2FF4}.Release|Mixed Platforms.ActiveCfg = Release|x86
		{31A5FE35-C04E-4A98-84FC-F3D2A38E2FF4}.Release|Mixed Platforms.Build.0 = Release|x86
		{31A5FE35-C04E-4A98-84FC-F3D2A38E2FF4}.Release|x64.ActiveCfg = Release|x86
		{31A5FE35-C04E-4A98-84FC-F3D2A38E2FF4}.Release|x86.ActiveCfg = Release|x86
		{31A5FE35-C04E-4A98-84FC-F3D2A38E2FF4}.Release|x86.Build.0 = Release|x86
		{C7E1836A-B6A4-4FC0-BED1-DE4EEA609EA4}.Debug|Any CPU.ActiveCfg = Debug|Any CPU
		{C7E1836A-B6A4-4FC0-BED1-DE4EEA609EA4}.Debug|Any CPU.Build.0 = Debug|Any CPU
		{C7E1836A-B6A4-4FC0-BED1-DE4EEA609EA4}.Debug|Mixed Platforms.ActiveCfg = Debug|Any CPU
		{C7E1836A-B6A4-4FC0-BED1-DE4EEA609EA4}.Debug|Mixed Platforms.Build.0 = Debug|Any CPU
		{C7E1836A-B6A4-4FC0-BED1-DE4EEA609EA4}.Debug|x64.ActiveCfg = Debug|Any CPU
		{C7E1836A-B6A4-4FC0-BED1-DE4EEA609EA4}.Debug|x86.ActiveCfg = Debug|Any CPU
		{C7E1836A-B6A4-4FC0-BED1-DE4EEA609EA4}.Release|Any CPU.ActiveCfg = Release|Any CPU
		{C7E1836A-B6A4-4FC0-BED1-DE4EEA609EA4}.Release|Any CPU.Build.0 = Release|Any CPU
		{C7E1836A-B6A4-4FC0-BED1-DE4EEA609EA4}.Release|Mixed Platforms.ActiveCfg = Release|Any CPU
		{C7E1836A-B6A4-4FC0-BED1-DE4EEA609EA4}.Release|Mixed Platforms.Build.0 = Release|Any CPU
		{C7E1836A-B6A4-4FC0-BED1-DE4EEA609EA4}.Release|x64.ActiveCfg = Release|Any CPU
		{C7E1836A-B6A4-4FC0-BED1-DE4EEA609EA4}.Release|x86.ActiveCfg = Release|Any CPU
		{259B7F58-FED1-4A1A-8990-98A5160C724B}.Debug|Any CPU.ActiveCfg = Debug|x86
		{259B7F58-FED1-4A1A-8990-98A5160C724B}.Debug|Mixed Platforms.ActiveCfg = Debug|x86
		{259B7F58-FED1-4A1A-8990-98A5160C724B}.Debug|Mixed Platforms.Build.0 = Debug|x86
		{259B7F58-FED1-4A1A-8990-98A5160C724B}.Debug|x64.ActiveCfg = Debug|x86
		{259B7F58-FED1-4A1A-8990-98A5160C724B}.Debug|x86.ActiveCfg = Debug|x86
		{259B7F58-FED1-4A1A-8990-98A5160C724B}.Debug|x86.Build.0 = Debug|x86
		{259B7F58-FED1-4A1A-8990-98A5160C724B}.Release|Any CPU.ActiveCfg = Release|x86
		{259B7F58-FED1-4A1A-8990-98A5160C724B}.Release|Mixed Platforms.ActiveCfg = Release|x86
		{259B7F58-FED1-4A1A-8990-98A5160C724B}.Release|Mixed Platforms.Build.0 = Release|x86
		{259B7F58-FED1-4A1A-8990-98A5160C724B}.Release|x64.ActiveCfg = Release|x86
		{259B7F58-FED1-4A1A-8990-98A5160C724B}.Release|x86.ActiveCfg = Release|x86
		{259B7F58-FED1-4A1A-8990-98A5160C724B}.Release|x86.Build.0 = Release|x86
		{4C452B86-B02C-4B80-A6CF-CABAF7C3F33B}.Debug|Any CPU.ActiveCfg = Debug|Any CPU
		{4C452B86-B02C-4B80-A6CF-CABAF7C3F33B}.Debug|Any CPU.Build.0 = Debug|Any CPU
		{4C452B86-B02C-4B80-A6CF-CABAF7C3F33B}.Debug|Mixed Platforms.ActiveCfg = Debug|Any CPU
		{4C452B86-B02C-4B80-A6CF-CABAF7C3F33B}.Debug|Mixed Platforms.Build.0 = Debug|Any CPU
		{4C452B86-B02C-4B80-A6CF-CABAF7C3F33B}.Debug|x64.ActiveCfg = Debug|Any CPU
		{4C452B86-B02C-4B80-A6CF-CABAF7C3F33B}.Debug|x86.ActiveCfg = Debug|Any CPU
		{4C452B86-B02C-4B80-A6CF-CABAF7C3F33B}.Release|Any CPU.ActiveCfg = Release|Any CPU
		{4C452B86-B02C-4B80-A6CF-CABAF7C3F33B}.Release|Any CPU.Build.0 = Release|Any CPU
		{4C452B86-B02C-4B80-A6CF-CABAF7C3F33B}.Release|Mixed Platforms.ActiveCfg = Release|Any CPU
		{4C452B86-B02C-4B80-A6CF-CABAF7C3F33B}.Release|Mixed Platforms.Build.0 = Release|Any CPU
		{4C452B86-B02C-4B80-A6CF-CABAF7C3F33B}.Release|x64.ActiveCfg = Release|Any CPU
		{4C452B86-B02C-4B80-A6CF-CABAF7C3F33B}.Release|x86.ActiveCfg = Release|Any CPU
		{17ECCEBE-B77A-4857-84E3-16297AE3CC81}.Debug|Any CPU.ActiveCfg = Debug|Any CPU
		{17ECCEBE-B77A-4857-84E3-16297AE3CC81}.Debug|Any CPU.Build.0 = Debug|Any CPU
		{17ECCEBE-B77A-4857-84E3-16297AE3CC81}.Debug|Mixed Platforms.ActiveCfg = Debug|Any CPU
		{17ECCEBE-B77A-4857-84E3-16297AE3CC81}.Debug|Mixed Platforms.Build.0 = Debug|Any CPU
		{17ECCEBE-B77A-4857-84E3-16297AE3CC81}.Debug|x64.ActiveCfg = Debug|Any CPU
		{17ECCEBE-B77A-4857-84E3-16297AE3CC81}.Debug|x86.ActiveCfg = Debug|Any CPU
		{17ECCEBE-B77A-4857-84E3-16297AE3CC81}.Release|Any CPU.ActiveCfg = Release|Any CPU
		{17ECCEBE-B77A-4857-84E3-16297AE3CC81}.Release|Any CPU.Build.0 = Release|Any CPU
		{17ECCEBE-B77A-4857-84E3-16297AE3CC81}.Release|Mixed Platforms.ActiveCfg = Release|Any CPU
		{17ECCEBE-B77A-4857-84E3-16297AE3CC81}.Release|Mixed Platforms.Build.0 = Release|Any CPU
		{17ECCEBE-B77A-4857-84E3-16297AE3CC81}.Release|x64.ActiveCfg = Release|Any CPU
		{17ECCEBE-B77A-4857-84E3-16297AE3CC81}.Release|x86.ActiveCfg = Release|Any CPU
		{A0FEDC48-7A25-46C6-BAA0-AFA2A8EDF512}.Debug|Any CPU.ActiveCfg = Debug|x86
		{A0FEDC48-7A25-46C6-BAA0-AFA2A8EDF512}.Debug|Mixed Platforms.ActiveCfg = Debug|x86
		{A0FEDC48-7A25-46C6-BAA0-AFA2A8EDF512}.Debug|Mixed Platforms.Build.0 = Debug|x86
		{A0FEDC48-7A25-46C6-BAA0-AFA2A8EDF512}.Debug|x64.ActiveCfg = Debug|x86
		{A0FEDC48-7A25-46C6-BAA0-AFA2A8EDF512}.Debug|x86.ActiveCfg = Debug|x86
		{A0FEDC48-7A25-46C6-BAA0-AFA2A8EDF512}.Debug|x86.Build.0 = Debug|x86
		{A0FEDC48-7A25-46C6-BAA0-AFA2A8EDF512}.Release|Any CPU.ActiveCfg = Release|x86
		{A0FEDC48-7A25-46C6-BAA0-AFA2A8EDF512}.Release|Mixed Platforms.ActiveCfg = Release|x86
		{A0FEDC48-7A25-46C6-BAA0-AFA2A8EDF512}.Release|Mixed Platforms.Build.0 = Release|x86
		{A0FEDC48-7A25-46C6-BAA0-AFA2A8EDF512}.Release|x64.ActiveCfg = Release|x86
		{A0FEDC48-7A25-46C6-BAA0-AFA2A8EDF512}.Release|x86.ActiveCfg = Release|x86
		{A0FEDC48-7A25-46C6-BAA0-AFA2A8EDF512}.Release|x86.Build.0 = Release|x86
		{96DD8F37-F3CE-4041-9058-366ED6912DFD}.Debug|Any CPU.ActiveCfg = Debug|Any CPU
		{96DD8F37-F3CE-4041-9058-366ED6912DFD}.Debug|Any CPU.Build.0 = Debug|Any CPU
		{96DD8F37-F3CE-4041-9058-366ED6912DFD}.Debug|Mixed Platforms.ActiveCfg = Debug|Any CPU
		{96DD8F37-F3CE-4041-9058-366ED6912DFD}.Debug|Mixed Platforms.Build.0 = Debug|Any CPU
		{96DD8F37-F3CE-4041-9058-366ED6912DFD}.Debug|x64.ActiveCfg = Debug|Any CPU
		{96DD8F37-F3CE-4041-9058-366ED6912DFD}.Debug|x86.ActiveCfg = Debug|Any CPU
		{96DD8F37-F3CE-4041-9058-366ED6912DFD}.Release|Any CPU.ActiveCfg = Release|Any CPU
		{96DD8F37-F3CE-4041-9058-366ED6912DFD}.Release|Any CPU.Build.0 = Release|Any CPU
		{96DD8F37-F3CE-4041-9058-366ED6912DFD}.Release|Mixed Platforms.ActiveCfg = Release|Any CPU
		{96DD8F37-F3CE-4041-9058-366ED6912DFD}.Release|Mixed Platforms.Build.0 = Release|Any CPU
		{96DD8F37-F3CE-4041-9058-366ED6912DFD}.Release|x64.ActiveCfg = Release|Any CPU
		{96DD8F37-F3CE-4041-9058-366ED6912DFD}.Release|x86.ActiveCfg = Release|Any CPU
	EndGlobalSection
	GlobalSection(SolutionProperties) = preSolution
		HideSolutionNode = FALSE
	EndGlobalSection
	GlobalSection(NestedProjects) = preSolution
		{D3D7EE9E-1E27-4F06-9276-65F25DE3B6FD} = {4B9DF48B-399A-4A25-A9E9-81914F3309C3}
		{85AE41DB-0039-4575-9D33-856EEB4D369C} = {4B9DF48B-399A-4A25-A9E9-81914F3309C3}
		{70796A1A-1774-4201-B88D-04F305563581} = {4B9DF48B-399A-4A25-A9E9-81914F3309C3}
		{2DE9A142-BE22-4EF7-B8C6-8B4B1E721452} = {3D065C51-46D6-462C-B18A-B40D19CF704D}
		{2F0DBD8B-8EA2-4D12-8C0A-211295B0B5CC} = {3D065C51-46D6-462C-B18A-B40D19CF704D}
		{9308973D-8EFA-4B8E-B7A9-51992405D6A7} = {3D065C51-46D6-462C-B18A-B40D19CF704D}
		{67209D39-7A52-4BEA-BEB2-51D5EE9B0C37} = {3D065C51-46D6-462C-B18A-B40D19CF704D}
		{7E939379-7A27-4B66-856E-786264D3260D} = {3D065C51-46D6-462C-B18A-B40D19CF704D}
		{18C84C8B-3D74-4B65-917E-E275E4029D62} = {3D065C51-46D6-462C-B18A-B40D19CF704D}
		{31A5FE35-C04E-4A98-84FC-F3D2A38E2FF4} = {3D065C51-46D6-462C-B18A-B40D19CF704D}
		{259B7F58-FED1-4A1A-8990-98A5160C724B} = {3D065C51-46D6-462C-B18A-B40D19CF704D}
		{A0FEDC48-7A25-46C6-BAA0-AFA2A8EDF512} = {3D065C51-46D6-462C-B18A-B40D19CF704D}
		{3DFD5F0B-4D1D-4146-90E3-CADF619F5A3E} = {F2D199CD-EB4D-4875-A882-E7420AFB878C}
		{DC13A374-5C96-4F36-915B-776380B75313} = {F2D199CD-EB4D-4875-A882-E7420AFB878C}
		{AFB64E23-2035-4CF7-A677-B626E1332534} = {E2F78AB8-1727-4ADF-8F9D-6D3BECE2A6BB}
		{089FA4C5-AADC-4C28-B885-84C36C0D6C84} = {E2F78AB8-1727-4ADF-8F9D-6D3BECE2A6BB}
		{FEB6F66C-1CF1-4817-A42C-E1AD0A8C5D6D} = {948EB091-7782-49BA-B537-AEF3F6EDAC14}
		{719BCFBC-6F29-41C0-8943-FAB7F7AE6E02} = {948EB091-7782-49BA-B537-AEF3F6EDAC14}
		{17ECCEBE-B77A-4857-84E3-16297AE3CC81} = {948EB091-7782-49BA-B537-AEF3F6EDAC14}
		{C06F9FBC-B1B7-4F65-870B-E30C5C58F140} = {34DF3E5C-D996-43B0-B998-4AA219156371}
		{F8795B2D-DF7A-4095-88B9-7A894FFD508A} = {34DF3E5C-D996-43B0-B998-4AA219156371}
		{C7E1836A-B6A4-4FC0-BED1-DE4EEA609EA4} = {34DF3E5C-D996-43B0-B998-4AA219156371}
		{4C452B86-B02C-4B80-A6CF-CABAF7C3F33B} = {34DF3E5C-D996-43B0-B998-4AA219156371}
		{96DD8F37-F3CE-4041-9058-366ED6912DFD} = {34DF3E5C-D996-43B0-B998-4AA219156371}
		{49144A43-19E2-4DFE-BE31-5D3BED80064A} = {C6167707-D148-46AD-B8B2-E9CB1FA5B082}
		{386444F8-A1B2-4EFC-83BC-B4316BE870F0} = {06603D3F-0347-476D-85AE-CF532EC29EBC}
		{5C1AEC8D-1AAA-4587-8AE0-9CD6A179DFAB} = {06603D3F-0347-476D-85AE-CF532EC29EBC}
		{B212B384-F6EF-4E98-B3C8-D58A7D2A520A} = {F70A81B4-2155-4AA6-81E5-D888C9B4E9EA}
		{5558FD74-3768-45BF-96D2-15FA81720C64} = {F70A81B4-2155-4AA6-81E5-D888C9B4E9EA}
		{F970D2C0-CF35-443E-8896-ABE26A67F301} = {663C3204-2CD9-4527-BF24-F5EAFBC5364A}
	EndGlobalSection
EndGlobal
